{
  "name": "tmp-poc-repo",
  "version": "1.0.0",
  "lockfileVersion": 2,
  "requires": true,
  "packages": {
    "": {
      "name": "tmp-poc-repo",
      "version": "1.0.0",
      "license": "ISC",
      "dependencies": {
        "keat": "1.0.0-rc.8"
      },
      "devDependencies": {
        "typescript": "5.0.4"
      }
    },
    "node_modules/keat": {
      "version": "1.0.0-rc.8",
      "resolved": "https://registry.npmjs.org/keat/-/keat-1.0.0-rc.8.tgz",
      "integrity": "sha512-F7Ut1Wwg1nQZDf2y1pNoahlIS8LA6lYIXVJIEnTAHBZW/NzszO7KWG0aDLhUuFoaTVNKWunQYb5Ott9kGPrp5A==",
      "peerDependencies": {
        "launchdarkly-js-client-sdk": "^3.0",
        "posthog-js": "^1.25",
        "react": "^18.0 || ^17.0 || ^16.0",
        "react-dom": "^18.0 || ^17.0 || ^16.0"
      },
      "peerDependenciesMeta": {
        "launchdarkly-js-client-sdk": {
          "optional": true
        },
        "posthog-js": {
          "optional": true
        },
        "react": {
          "optional": true
        },
        "react-dom": {
          "optional": true
        }
      }
    },
    "node_modules/typescript": {
      "version": "5.0.4",
      "resolved": "https://registry.npmjs.org/typescript/-/typescript-5.0.4.tgz",
      "integrity": "sha512-cW9T5W9xY37cc+jfEnaUvX91foxtHkza3Nw3wkoF4sSlKn0MONdkdEndig/qPBWXNkmplh3NzayQzCiHM4/hqw==",
      "dev": true,
      "bin": {
        "tsc": "bin/tsc",
        "tsserver": "bin/tsserver"
      },
      "engines": {
        "node": ">=12.20"
      }
    }
  },
  "dependencies": {
    "keat": {
      "version": "1.0.0-rc.8",
      "resolved": "https://registry.npmjs.org/keat/-/keat-1.0.0-rc.8.tgz",
      "integrity": "sha512-F7Ut1Wwg1nQZDf2y1pNoahlIS8LA6lYIXVJIEnTAHBZW/NzszO7KWG0aDLhUuFoaTVNKWunQYb5Ott9kGPrp5A==",
      "requires": {}
    },
    "typescript": {
      "version": "5.0.4",
      "resolved": "https://registry.npmjs.org/typescript/-/typescript-5.0.4.tgz",
      "integrity": "sha512-cW9T5W9xY37cc+jfEnaUvX91foxtHkza3Nw3wkoF4sSlKn0MONdkdEndig/qPBWXNkmplh3NzayQzCiHM4/hqw==",
      "dev": true
    }
  }
}
